// !$*UTF8*$!
{
	archiveVersion = 1;
	classes = {
	};
	objectVersion = 46;
	objects = {

/* Begin PBXBuildFile section */
		B55F85241F0FA48B004AE991 /* AppDelegate.swift in Sources */ = {isa = PBXBuildFile; fileRef = B55F85231F0FA48B004AE991 /* AppDelegate.swift */; };
		B55F85261F0FA48B004AE991 /* ViewController.swift in Sources */ = {isa = PBXBuildFile; fileRef = B55F85251F0FA48B004AE991 /* ViewController.swift */; };
		B55F85291F0FA48B004AE991 /* Main.storyboard in Resources */ = {isa = PBXBuildFile; fileRef = B55F85271F0FA48B004AE991 /* Main.storyboard */; };
		B55F852B1F0FA48B004AE991 /* Assets.xcassets in Resources */ = {isa = PBXBuildFile; fileRef = B55F852A1F0FA48B004AE991 /* Assets.xcassets */; };
		B55F852E1F0FA48B004AE991 /* LaunchScreen.storyboard in Resources */ = {isa = PBXBuildFile; fileRef = B55F852C1F0FA48B004AE991 /* LaunchScreen.storyboard */; };
		B55F85361F0FA4B5004AE991 /* brooke-cagle-199258.jpg in Resources */ = {isa = PBXBuildFile; fileRef = B55F85351F0FA4B5004AE991 /* brooke-cagle-199258.jpg */; };
/* End PBXBuildFile section */

/* Begin PBXFileReference section */
		B55F85201F0FA48B004AE991 /* AnimateImage.app */ = {isa = PBXFileReference; explicitFileType = wrapper.application; includeInIndex = 0; path = AnimateImage.app; sourceTree = BUILT_PRODUCTS_DIR; };
		B55F85231F0FA48B004AE991 /* AppDelegate.swift */ = {isa = PBXFileReference; lastKnownFileType = sourcecode.swift; path = AppDelegate.swift; sourceTree = "<group>"; };
		B55F85251F0FA48B004AE991 /* ViewController.swift */ = {isa = PBXFileReference; lastKnownFileType = sourcecode.swift; path = ViewController.swift; sourceTree = "<group>"; };
		B55F85281F0FA48B004AE991 /* Base */ = {isa = PBXFileReference; lastKnownFileType = file.storyboard; name = Base; path = Base.lproj/Main.storyboard; sourceTree = "<group>"; };
		B55F852A1F0FA48B004AE991 /* Assets.xcassets */ = {isa = PBXFileReference; lastKnownFileType = folder.assetcatalog; path = Assets.xcassets; sourceTree = "<group>"; };
		B55F852D1F0FA48B004AE991 /* Base */ = {isa = PBXFileReference; lastKnownFileType = file.storyboard; name = Base; path = Base.lproj/LaunchScreen.storyboard; sourceTree = "<group>"; };
		B55F852F1F0FA48B004AE991 /* Info.plist */ = {isa = PBXFileReference; lastKnownFileType = text.plist.xml; path = Info.plist; sourceTree = "<group>"; };
		B55F85351F0FA4B5004AE991 /* brooke-cagle-199258.jpg */ = {isa = PBXFileReference; lastKnownFileType = image.jpeg; path = "brooke-cagle-199258.jpg"; sourceTree = "<group>"; };
/* End PBXFileReference section */

/* Begin PBXFrameworksBuildPhase section */
		B55F851D1F0FA48B004AE991 /* Frameworks */ = {
			isa = PBXFrameworksBuildPhase;
			buildActionMask = 2147483647;
			files = (
			);
			runOnlyForDeploymentPostprocessing = 0;
		};
/* End PBXFrameworksBuildPhase section */

/* Begin PBXGroup section */
		B55F85171F0FA48B004AE991 = {
			isa = PBXGroup;
			children = (
				B55F85221F0FA48B004AE991 /* AnimateImage */,
				B55F85211F0FA48B004AE991 /* Products */,
			);
			sourceTree = "<group>";
		};
		B55F85211F0FA48B004AE991 /* Products */ = {
			isa = PBXGroup;
			children = (
				B55F85201F0FA48B004AE991 /* AnimateImage.app */,
			);
			name = Products;
			sourceTree = "<group>";
		};
		B55F85221F0FA48B004AE991 /* AnimateImage */ = {
			isa = PBXGroup;
			children = (
				B55F85231F0FA48B004AE991 /* AppDelegate.swift */,
				B55F85251F0FA48B004AE991 /* ViewController.swift */,
				B55F85271F0FA48B004AE991 /* Main.storyboard */,
				B55F85351F0FA4B5004AE991 /* brooke-cagle-199258.jpg */,
				B55F852A1F0FA48B004AE991 /* Assets.xcassets */,
				B55F852C1F0FA48B004AE991 /* LaunchScreen.storyboard */,
				B55F852F1F0FA48B004AE991 /* Info.plist */,
			);
			path = AnimateImage;
			sourceTree = "<group>";
		};
/* End PBXGroup section */

/* Begin PBXNativeTarget section */
		B55F851F1F0FA48B004AE991 /* AnimateImage */ = {
			isa = PBXNativeTarget;
			buildConfigurationList = B55F85321F0FA48B004AE991 /* Build configuration list for PBXNativeTarget "AnimateImage" */;
			buildPhases = (
				B55F851C1F0FA48B004AE991 /* Sources */,
				B55F851D1F0FA48B004AE991 /* Frameworks */,
				B55F851E1F0FA48B004AE991 /* Resources */,
			);
			buildRules = (
			);
			dependencies = (
			);
			name = AnimateImage;
			productName = AnimateImage;
			productReference = B55F85201F0FA48B004AE991 /* AnimateImage.app */;
			productType = "com.apple.product-type.application";
		};
/* End PBXNativeTarget section */

/* Begin PBXProject section */
		B55F85181F0FA48B004AE991 /* Project object */ = {
			isa = PBXProject;
			attributes = {
				LastSwiftUpdateCheck = 0800;
				LastUpgradeCheck = 0800;
				ORGANIZATIONNAME = "hadiana sliwa";
				TargetAttributes = {
					B55F851F1F0FA48B004AE991 = {
						CreatedOnToolsVersion = 8.0;
						ProvisioningStyle = Automatic;
					};
				};
			};
			buildConfigurationList = B55F851B1F0FA48B004AE991 /* Build configuration list for PBXProject "AnimateImage" */;
			compatibilityVersion = "Xcode 3.2";
			developmentRegion = English;
			hasScannedForEncodings = 0;
			knownRegions = (
				en,
				Base,
			);
			mainGroup = B55F85171F0FA48B004AE991;
			productRefGroup = B55F85211F0FA48B004AE991 /* Products */;
			projectDirPath = "";
			projectRoot = "";
			targets = (
				B55F851F1F0FA48B004AE991 /* AnimateImage */,
			);
		};
/* End PBXProject section */

/* Begin PBXResourcesBuildPhase section */
		B55F851E1F0FA48B004AE991 /* Resources */ = {
			isa = PBXResourcesBuildPhase;
			buildActionMask = 2147483647;
			files = (
				B55F85361F0FA4B5004AE991 /* brooke-cagle-199258.jpg in Resources */,
				B55F852E1F0FA48B004AE991 /* LaunchScreen.storyboard in Resources */,
				B55F852B1F0FA48B004AE991 /* Assets.xcassets in Resources */,
				B55F85291F0FA48B004AE991 /* Main.storyboard in Resources */,
			);
			runOnlyForDeploymentPostprocessing = 0;
		};
/* End PBXResourcesBuildPhase section */

/* Begin PBXSourcesBuildPhase section */
		B55F851C1F0FA48B004AE991 /* Sources */ = {
			isa = PBXSourcesBuildPhase;
			buildActionMask = 2147483647;
			files = (
				B55F85261F0FA48B004AE991 /* ViewController.swift in Sources */,
				B55F85241F0FA48B004AE991 /* AppDelegate.swift in Sources */,
			);
			runOnlyForDeploymentPostprocessing = 0;
		};
/* End PBXSourcesBuildPhase section */

/* Begin PBXVariantGroup section */
		B55F85271F0FA48B004AE991 /* Main.storyboard */ = {
			isa = PBXVariantGroup;
			children = (
				B55F85281F0FA48B004AE991 /* Base */,
			);
			name = Main.storyboard;
			sourceTree = "<group>";
		};
		B55F852C1F0FA48B004AE991 /* LaunchScreen.storyboard */ = {
			isa = PBXVariantGroup;
			children = (
				B55F852D1F0FA48B004AE991 /* Base */,
			);
			name = LaunchScreen.storyboard;
			sourceTree = "<group>";
		};
/* End PBXVariantGroup section */

/* Begin XCBuildConfiguration section */
		B55F85301F0FA48B004AE991 /* Debug */ = {
			isa = XCBuildConfiguration;
			buildSettings = {
				ALWAYS_SEARCH_USER_PATHS = NO;
				CLANG_ANALYZER_NONNULL = YES;
				CLANG_CXX_LANGUAGE_STANDARD = "gnu++0x";
				CLANG_CXX_LIBRARY = "libc++";
				CLANG_ENABLE_MODULES = YES;
				CLANG_ENABLE_OBJC_ARC = YES;
				CLANG_WARN_BOOL_CONVERSION = YES;
				CLANG_WARN_CONSTANT_CONVERSION = YES;
				CLANG_WARN_DIRECT_OBJC_ISA_USAGE = YES_ERROR;
				CLANG_WARN_DOCUMENTATION_COMMENTS = YES;
				CLANG_WARN_EMPTY_BODY = YES;
				CLANG_WARN_ENUM_CONVERSION = YES;
				CLANG_WARN_INFINITE_RECURSION = YES;
				CLANG_WARN_INT_CONVERSION = YES;
				CLANG_WARN_OBJC_ROOT_CLASS = YES_ERROR;
				CLANG_WARN_SUSPICIOUS_MOVES = YES;
				CLANG_WARN_UNREACHABLE_CODE = YES;
				CLANG_WARN__DUPLICATE_METHOD_MATCH = YES;
				"CODE_SIGN_IDENTITY[sdk=iphoneos*]" = "iPhone Developer";
				COPY_PHASE_STRIP = NO;
				DEBUG_INFORMATION_FORMAT = dwarf;
				ENABLE_STRICT_OBJC_MSGSEND = YES;
				ENABLE_TESTABILITY = YES;
				GCC_C_LANGUAGE_STANDARD = gnu99;
				GCC_DYNAMIC_NO_PIC = NO;
				GCC_NO_COMMON_BLOCKS = YES;
				GCC_OPTIMIZATION_LEVEL = 0;
				GCC_PREPROCESSOR_DEFINITIONS = (
					"DEBUG=1",
					"$(inherited)",
				);
				GCC_WARN_64_TO_32_BIT_CONVERSION = YES;
				GCC_WARN_ABOUT_RETURN_TYPE = YES_ERROR;
				GCC_WARN_UNDECLARED_SELECTOR = YES;
				GCC_WARN_UNINITIALIZED_AUTOS = YES_AGGRESSIVE;
				GCC_WARN_UNUSED_FUNCTION = YES;
				GCC_WARN_UNUSED_VARIABLE = YES;
				IPHONEOS_DEPLOYMENT_TARGET = 10.0;
				MTL_ENABLE_DEBUG_INFO = YES;
				ONLY_ACTIVE_ARCH = YES;
				SDKROOT = iphoneos;
				SWIFT_ACTIVE_COMPILATION_CONDITIONS = DEBUG;
				SWIFT_OPTIMIZATION_LEVEL = "-Onone";
				TARGETED_DEVICE_FAMILY = "1,2";
			};
			name = Debug;
		};
		B55F85311F0FA48B004AE991 /* Release */ = {
			isa = XCBuildConfiguration;
			buildSettings = {
				ALWAYS_SEARCH_USER_PATHS = NO;
				CLANG_ANALYZER_NONNULL = YES;
				CLANG_CXX_LANGUAGE_STANDARD = "gnu++0x";
				CLANG_CXX_LIBRARY = "libc++";
				CLANG_ENABLE_MODULES = YES;
				CLANG_ENABLE_OBJC_ARC = YES;
				CLANG_WARN_BOOL_CONVERSION = YES;
				CLANG_WARN_CONSTANT_CONVERSION = YES;
				CLANG_WARN_DIRECT_OBJC_ISA_USAGE = YES_ERROR;
				CLANG_WARN_DOCUMENTATION_COMMENTS = YES;
				CLANG_WARN_EMPTY_BODY = YES;
				CLANG_WARN_ENUM_CONVERSION = YES;
				CLANG_WARN_INFINITE_RECURSION = YES;
				CLANG_WARN_INT_CONVERSION = YES;
				CLANG_WARN_OBJC_ROOT_CLASS = YES_ERROR;
				CLANG_WARN_SUSPICIOUS_MOVES = YES;
				CLANG_WARN_UNREACHABLE_CODE = YES;
				CLANG_WARN__DUPLICATE_METHOD_MATCH = YES;
				"CODE_SIGN_IDENTITY[sdk=iphoneos*]" = "iPhone Developer";
				COPY_PHASE_STRIP = NO;
				DEBUG_INFORMATION_FORMAT = "dwarf-with-dsym";
				ENABLE_NS_ASSERTIONS = NO;
				ENABLE_STRICT_OBJC_MSGSEND = YES;
				GCC_C_LANGUAGE_STANDARD = gnu99;
				GCC_NO_COMMON_BLOCKS = YES;
				GCC_WARN_64_TO_32_BIT_CONVERSION = YES;
				GCC_WARN_ABOUT_RETURN_TYPE = YES_ERROR;
				GCC_WARN_UNDECLARED_SELECTOR = YES;
				GCC_WARN_UNINITIALIZED_AUTOS = YES_AGGRESSIVE;
				GCC_WARN_UNUSED_FUNCTION = YES;
				GCC_WARN_UNUSED_VARIABLE = YES;
				IPHONEOS_DEPLOYMENT_TARGET = 10.0;
				MTL_ENABLE_DEBUG_INFO = NO;
				SDKROOT = iphoneos;
				SWIFT_OPTIMIZATION_LEVEL = "-Owholemodule";
				TARGETED_DEVICE_FAMILY = "1,2";
				VALIDATE_PRODUCT = YES;
			};
			name = Release;
		};
		B55F85331F0FA48B004AE991 /* Debug */ = {
			isa = XCBuildConfiguration;
			buildSettings = {
				ASSETCATALOG_COMPILER_APPICON_NAME = AppIcon;
				INFOPLIST_FILE = AnimateImage/Info.plist;
				LD_RUNPATH_SEARCH_PATHS = "$(inherited) @executable_path/Frameworks";
				PRODUCT_BUNDLE_IDENTIFIER = firstProject.AnimateImage;
				PRODUCT_NAME = "$(TARGET_NAME)";
				SWIFT_VERSION = 3.0;
			};
			name = Debug;
		};
		B55F85341F0FA48B004AE991 /* Release */ = {
			isa = XCBuildConfiguration;
			buildSettings = {
				ASSETCATALOG_COMPILER_APPICON_NAME = AppIcon;
				INFOPLIST_FILE = AnimateImage/Info.plist;
				LD_RUNPATH_SEARCH_PATHS = "$(inherited) @executable_path/Frameworks";
				PRODUCT_BUNDLE_IDENTIFIER = firstProject.AnimateImage;
				PRODUCT_NAME = "$(TARGET_NAME)";
				SWIFT_VERSION = 3.0;
			};
			name = Release;
		};
/* End XCBuildConfiguration section */

/* Begin XCConfigurationList section */
		B55F851B1F0FA48B004AE991 /* Build configuration list for PBXProject "AnimateImage" */ = {
			isa = XCConfigurationList;
			buildConfigurations = (
				B55F85301F0FA48B004AE991 /* Debug */,
				B55F85311F0FA48B004AE991 /* Release */,
			);
			defaultConfigurationIsVisible = 0;
			defaultConfigurationName = Release;
		};
		B55F85321F0FA48B004AE991 /* Build configuration list for PBXNativeTarget "AnimateImage" */ = {
			isa = XCConfigurationList;
			buildConfigurations = (
				B55F85331F0FA48B004AE991 /* Debug */,
				B55F85341F0FA48B004AE991 /* Release */,
			);
			defaultConfigurationIsVisible = 0;
		};
/* End XCConfigurationList section */
	};
	rootObject = B55F85181F0FA48B004AE991 /* Project object */;
}
